
Microsoft Visual Studio Solution File, Format Version 12.00
# Visual Studio Version 16
VisualStudioVersion = 16.0.30717.126
MinimumVisualStudioVersion = 10.0.40219.1
Project("{FAE04EC0-301F-11D3-BF4B-00C04F79EFBC}") = "04-calcular-triangulo", "04-calcular-triangulo\04-calcular-triangulo.csproj", "{0B4F39FA-3C68-4C2C-88DE-01632FE7CD4E}"
EndProject
Global
	GlobalSection(SolutionConfigurationPlatforms) = preSolution
		Debug|Any CPU = Debug|Any CPU
		Release|Any CPU = Release|Any CPU
	EndGlobalSection
	GlobalSection(ProjectConfigurationPlatforms) = postSolution
		{0B4F39FA-3C68-4C2C-88DE-01632FE7CD4E}.Debug|Any CPU.ActiveCfg = Debug|Any CPU
		{0B4F39FA-3C68-4C2C-88DE-01632FE7CD4E}.Debug|Any CPU.Build.0 = Debug|Any CPU
		{0B4F39FA-3C68-4C2C-88DE-01632FE7CD4E}.Release|Any CPU.ActiveCfg = Release|Any CPU
		{0B4F39FA-3C68-4C2C-88DE-01632FE7CD4E}.Release|Any CPU.Build.0 = Release|Any CPU
	EndGlobalSection
	GlobalSection(SolutionProperties) = preSolution
		HideSolutionNode = FALSE
	EndGlobalSection
	GlobalSection(ExtensibilityGlobals) = postSolution
		SolutionGuid = {8E4B6ABE-AE28-4301-A8EF-E4071810C2B2}
	EndGlobalSection
EndGlobal
